
Microsoft Visual Studio Solution File, Format Version 12.00
# Visual Studio Version 16
VisualStudioVersion = 16.0.29009.5
MinimumVisualStudioVersion = 10.0.40219.1
Project("{2150E333-8FDC-42A3-9474-1A3956D46DE8}") = "Library", "Library", "{27895BAA-E4E0-46D9-962E-20F1D61045A3}"
EndProject
Project("{9A19103F-16F7-4668-BE54-9A1E7A4F7556}") = "FhirStarter.R4.Detonator.Core", "FhirStarter.R4.Detonator.Core\FhirStarter.R4.Detonator.Core.csproj", "{2C8AA788-40C6-4BC7-81C1-8A189B0AADF9}"
EndProject
Project("{9A19103F-16F7-4668-BE54-9A1E7A4F7556}") = "FhirStarter.R4.Instigator.Core", "FhirStarter.R4.Instigator.Core\FhirStarter.R4.Instigator.Core.csproj", "{B0F1924C-F3DF-4D20-BC1A-CB0AE15F0E62}"
EndProject
Project("{9A19103F-16F7-4668-BE54-9A1E7A4F7556}") = "FhirStarter.R4.Twisted.Core", "FhirStarter.R4.Twisted.Core\FhirStarter.R4.Twisted.Core.csproj", "{AD0D08AA-9313-4932-BB8A-90956C70F4FF}"
EndProject
Project("{9A19103F-16F7-4668-BE54-9A1E7A4F7556}") = "FhirStarter.R4.Twisted.Core.Nuget", "FhirStarter.R4.Twisted.Core.Nuget\FhirStarter.R4.Twisted.Core.Nuget.csproj", "{84F7CF0F-05A2-4922-8FE5-7E9C1FAC5AC1}"
EndProject
Global
	GlobalSection(SolutionConfigurationPlatforms) = preSolution
		Debug|Any CPU = Debug|Any CPU
		Release|Any CPU = Release|Any CPU
	EndGlobalSection
	GlobalSection(ProjectConfigurationPlatforms) = postSolution
		{2C8AA788-40C6-4BC7-81C1-8A189B0AADF9}.Debug|Any CPU.ActiveCfg = Debug|Any CPU
		{2C8AA788-40C6-4BC7-81C1-8A189B0AADF9}.Debug|Any CPU.Build.0 = Debug|Any CPU
		{2C8AA788-40C6-4BC7-81C1-8A189B0AADF9}.Release|Any CPU.ActiveCfg = Release|Any CPU
		{2C8AA788-40C6-4BC7-81C1-8A189B0AADF9}.Release|Any CPU.Build.0 = Release|Any CPU
		{B0F1924C-F3DF-4D20-BC1A-CB0AE15F0E62}.Debug|Any CPU.ActiveCfg = Debug|Any CPU
		{B0F1924C-F3DF-4D20-BC1A-CB0AE15F0E62}.Debug|Any CPU.Build.0 = Debug|Any CPU
		{B0F1924C-F3DF-4D20-BC1A-CB0AE15F0E62}.Release|Any CPU.ActiveCfg = Release|Any CPU
		{B0F1924C-F3DF-4D20-BC1A-CB0AE15F0E62}.Release|Any CPU.Build.0 = Release|Any CPU
		{AD0D08AA-9313-4932-BB8A-90956C70F4FF}.Debug|Any CPU.ActiveCfg = Debug|Any CPU
		{AD0D08AA-9313-4932-BB8A-90956C70F4FF}.Debug|Any CPU.Build.0 = Debug|Any CPU
		{AD0D08AA-9313-4932-BB8A-90956C70F4FF}.Release|Any CPU.ActiveCfg = Release|Any CPU
		{AD0D08AA-9313-4932-BB8A-90956C70F4FF}.Release|Any CPU.Build.0 = Release|Any CPU
		{84F7CF0F-05A2-4922-8FE5-7E9C1FAC5AC1}.Debug|Any CPU.ActiveCfg = Debug|Any CPU
		{84F7CF0F-05A2-4922-8FE5-7E9C1FAC5AC1}.Debug|Any CPU.Build.0 = Debug|Any CPU
		{84F7CF0F-05A2-4922-8FE5-7E9C1FAC5AC1}.Release|Any CPU.ActiveCfg = Release|Any CPU
		{84F7CF0F-05A2-4922-8FE5-7E9C1FAC5AC1}.Release|Any CPU.Build.0 = Release|Any CPU
	EndGlobalSection
	GlobalSection(SolutionProperties) = preSolution
		HideSolutionNode = FALSE
	EndGlobalSection
	GlobalSection(NestedProjects) = preSolution
		{2C8AA788-40C6-4BC7-81C1-8A189B0AADF9} = {27895BAA-E4E0-46D9-962E-20F1D61045A3}
		{B0F1924C-F3DF-4D20-BC1A-CB0AE15F0E62} = {27895BAA-E4E0-46D9-962E-20F1D61045A3}
	EndGlobalSection
	GlobalSection(ExtensibilityGlobals) = postSolution
		SolutionGuid = {3EB67367-8935-41E7-ADDF-2A2E20A66DEA}
	EndGlobalSection
EndGlobal
