
Microsoft Visual Studio Solution File, Format Version 12.00
# Visual Studio 15
VisualStudioVersion = 15.0.28010.2048
MinimumVisualStudioVersion = 10.0.40219.1
Project("{2150E333-8FDC-42A3-9474-1A3956D46DE8}") = "Library", "Library", "{27895BAA-E4E0-46D9-962E-20F1D61045A3}"
EndProject
Project("{9A19103F-16F7-4668-BE54-9A1E7A4F7556}") = "FhirStarter.STU3.Detonator.Core", "FhirStarter.STU3.Detonator.Core\FhirStarter.STU3.Detonator.Core.csproj", "{388D70B0-CC3A-4F02-A0A7-7441CE47EFBA}"
EndProject
Project("{9A19103F-16F7-4668-BE54-9A1E7A4F7556}") = "FhirStarter.STU3.Instigator.Core", "FhirStarter.STU3.Instigator.Core\FhirStarter.STU3.Instigator.Core.csproj", "{E7A16BAC-C498-4BFF-84F4-67D672FAE82C}"
EndProject
Project("{9A19103F-16F7-4668-BE54-9A1E7A4F7556}") = "FhirStarter.STU3.Twisted.Core", "FhirStarter.STU3.Twisted.Core\FhirStarter.STU3.Twisted.Core.csproj", "{88424C35-BC4C-4C6C-AC5E-33EF8767B7A6}"
EndProject
Global
	GlobalSection(SolutionConfigurationPlatforms) = preSolution
		Debug|Any CPU = Debug|Any CPU
		Release|Any CPU = Release|Any CPU
	EndGlobalSection
	GlobalSection(ProjectConfigurationPlatforms) = postSolution
		{388D70B0-CC3A-4F02-A0A7-7441CE47EFBA}.Debug|Any CPU.ActiveCfg = Debug|Any CPU
		{388D70B0-CC3A-4F02-A0A7-7441CE47EFBA}.Debug|Any CPU.Build.0 = Debug|Any CPU
		{388D70B0-CC3A-4F02-A0A7-7441CE47EFBA}.Release|Any CPU.ActiveCfg = Release|Any CPU
		{388D70B0-CC3A-4F02-A0A7-7441CE47EFBA}.Release|Any CPU.Build.0 = Release|Any CPU
		{E7A16BAC-C498-4BFF-84F4-67D672FAE82C}.Debug|Any CPU.ActiveCfg = Debug|Any CPU
		{E7A16BAC-C498-4BFF-84F4-67D672FAE82C}.Debug|Any CPU.Build.0 = Debug|Any CPU
		{E7A16BAC-C498-4BFF-84F4-67D672FAE82C}.Release|Any CPU.ActiveCfg = Release|Any CPU
		{E7A16BAC-C498-4BFF-84F4-67D672FAE82C}.Release|Any CPU.Build.0 = Release|Any CPU
		{88424C35-BC4C-4C6C-AC5E-33EF8767B7A6}.Debug|Any CPU.ActiveCfg = Debug|Any CPU
		{88424C35-BC4C-4C6C-AC5E-33EF8767B7A6}.Debug|Any CPU.Build.0 = Debug|Any CPU
		{88424C35-BC4C-4C6C-AC5E-33EF8767B7A6}.Release|Any CPU.ActiveCfg = Release|Any CPU
		{88424C35-BC4C-4C6C-AC5E-33EF8767B7A6}.Release|Any CPU.Build.0 = Release|Any CPU
	EndGlobalSection
	GlobalSection(SolutionProperties) = preSolution
		HideSolutionNode = FALSE
	EndGlobalSection
	GlobalSection(NestedProjects) = preSolution
		{388D70B0-CC3A-4F02-A0A7-7441CE47EFBA} = {27895BAA-E4E0-46D9-962E-20F1D61045A3}
		{E7A16BAC-C498-4BFF-84F4-67D672FAE82C} = {27895BAA-E4E0-46D9-962E-20F1D61045A3}
	EndGlobalSection
	GlobalSection(ExtensibilityGlobals) = postSolution
		SolutionGuid = {3EB67367-8935-41E7-ADDF-2A2E20A66DEA}
	EndGlobalSection
EndGlobal
