
Microsoft Visual Studio Solution File, Format Version 12.00
# Visual Studio 15
VisualStudioVersion = 15.0.28010.2048
MinimumVisualStudioVersion = 10.0.40219.1
Project("{9A19103F-16F7-4668-BE54-9A1E7A4F7556}") = "FhirStarter.Bonfire.DotNetCore", "FhirStarter.Bonfire.DotNetCore\FhirStarter.Bonfire.DotNetCore.csproj", "{658D8C5F-45F9-4A8F-B87E-031A5C15DC91}"
EndProject
Project("{FAE04EC0-301F-11D3-BF4B-00C04F79EFBC}") = "FhirStarter.Inferno.STU3.DotnetCore", "FhirStarter.Inferno.STU3.DotnetCore\FhirStarter.Inferno.STU3.DotnetCore.csproj", "{9D6E4AE6-E6D2-47C8-B26A-D143A3CAB0B9}"
EndProject
Project("{2150E333-8FDC-42A3-9474-1A3956D46DE8}") = "Library", "Library", "{27895BAA-E4E0-46D9-962E-20F1D61045A3}"
EndProject
Project("{FAE04EC0-301F-11D3-BF4B-00C04F79EFBC}") = "FhirStarter.STU3.Instigator.DotNetCore", "FhirStarter.STU3.Instigator.DotNetCore\FhirStarter.STU3.Instigator.DotNetCore.csproj", "{477877E1-C8B8-4530-8CEE-FBF4168D0C43}"
EndProject
Project("{FAE04EC0-301F-11D3-BF4B-00C04F79EFBC}") = "FhirStarter.STU3.Detonator.DotNetCore", "FhirStarter.STU3.Detonator.DotNetCore\FhirStarter.STU3.Detonator.DotNetCore.csproj", "{B9FB7742-1E10-496D-80CF-74929C7A4C66}"
EndProject
Project("{2150E333-8FDC-42A3-9474-1A3956D46DE8}") = "Old Library", "Old Library", "{1D1012B8-674D-44D9-8F6F-FBCF24C4C380}"
EndProject
Project("{FAE04EC0-301F-11D3-BF4B-00C04F79EFBC}") = "FhirStarter.STU3.Twisted.DotNetCore", "FhirStarter.STU3.Twisted.DotNetCore\FhirStarter.STU3.Twisted.DotNetCore.csproj", "{B431E2AD-DFC1-4C3A-8C0B-2A37ED42C474}"
EndProject
Global
	GlobalSection(SolutionConfigurationPlatforms) = preSolution
		Debug|Any CPU = Debug|Any CPU
		Release|Any CPU = Release|Any CPU
	EndGlobalSection
	GlobalSection(ProjectConfigurationPlatforms) = postSolution
		{658D8C5F-45F9-4A8F-B87E-031A5C15DC91}.Debug|Any CPU.ActiveCfg = Debug|Any CPU
		{658D8C5F-45F9-4A8F-B87E-031A5C15DC91}.Debug|Any CPU.Build.0 = Debug|Any CPU
		{658D8C5F-45F9-4A8F-B87E-031A5C15DC91}.Release|Any CPU.ActiveCfg = Release|Any CPU
		{658D8C5F-45F9-4A8F-B87E-031A5C15DC91}.Release|Any CPU.Build.0 = Release|Any CPU
		{9D6E4AE6-E6D2-47C8-B26A-D143A3CAB0B9}.Debug|Any CPU.ActiveCfg = Debug|Any CPU
		{9D6E4AE6-E6D2-47C8-B26A-D143A3CAB0B9}.Debug|Any CPU.Build.0 = Debug|Any CPU
		{9D6E4AE6-E6D2-47C8-B26A-D143A3CAB0B9}.Release|Any CPU.ActiveCfg = Release|Any CPU
		{9D6E4AE6-E6D2-47C8-B26A-D143A3CAB0B9}.Release|Any CPU.Build.0 = Release|Any CPU
		{477877E1-C8B8-4530-8CEE-FBF4168D0C43}.Debug|Any CPU.ActiveCfg = Debug|Any CPU
		{477877E1-C8B8-4530-8CEE-FBF4168D0C43}.Debug|Any CPU.Build.0 = Debug|Any CPU
		{477877E1-C8B8-4530-8CEE-FBF4168D0C43}.Release|Any CPU.ActiveCfg = Release|Any CPU
		{477877E1-C8B8-4530-8CEE-FBF4168D0C43}.Release|Any CPU.Build.0 = Release|Any CPU
		{B9FB7742-1E10-496D-80CF-74929C7A4C66}.Debug|Any CPU.ActiveCfg = Debug|Any CPU
		{B9FB7742-1E10-496D-80CF-74929C7A4C66}.Debug|Any CPU.Build.0 = Debug|Any CPU
		{B9FB7742-1E10-496D-80CF-74929C7A4C66}.Release|Any CPU.ActiveCfg = Release|Any CPU
		{B9FB7742-1E10-496D-80CF-74929C7A4C66}.Release|Any CPU.Build.0 = Release|Any CPU
		{B431E2AD-DFC1-4C3A-8C0B-2A37ED42C474}.Debug|Any CPU.ActiveCfg = Debug|Any CPU
		{B431E2AD-DFC1-4C3A-8C0B-2A37ED42C474}.Debug|Any CPU.Build.0 = Debug|Any CPU
		{B431E2AD-DFC1-4C3A-8C0B-2A37ED42C474}.Release|Any CPU.ActiveCfg = Release|Any CPU
		{B431E2AD-DFC1-4C3A-8C0B-2A37ED42C474}.Release|Any CPU.Build.0 = Release|Any CPU
	EndGlobalSection
	GlobalSection(SolutionProperties) = preSolution
		HideSolutionNode = FALSE
	EndGlobalSection
	GlobalSection(NestedProjects) = preSolution
		{658D8C5F-45F9-4A8F-B87E-031A5C15DC91} = {1D1012B8-674D-44D9-8F6F-FBCF24C4C380}
		{9D6E4AE6-E6D2-47C8-B26A-D143A3CAB0B9} = {1D1012B8-674D-44D9-8F6F-FBCF24C4C380}
		{477877E1-C8B8-4530-8CEE-FBF4168D0C43} = {27895BAA-E4E0-46D9-962E-20F1D61045A3}
		{B9FB7742-1E10-496D-80CF-74929C7A4C66} = {27895BAA-E4E0-46D9-962E-20F1D61045A3}
	EndGlobalSection
	GlobalSection(ExtensibilityGlobals) = postSolution
		SolutionGuid = {3EB67367-8935-41E7-ADDF-2A2E20A66DEA}
	EndGlobalSection
EndGlobal
