
Microsoft Visual Studio Solution File, Format Version 12.00
# Visual Studio 15
VisualStudioVersion = 15.0.28010.2048
MinimumVisualStudioVersion = 10.0.40219.1
Project("{FAE04EC0-301F-11D3-BF4B-00C04F79EFBC}") = "FhirStarter.Inferno.DotNetCore", "FhirStarter.Inferno.DotNetCore\FhirStarter.Inferno.DotNetCore.csproj", "{3A0FB72B-0109-44B1-82D7-65BE3AAAF78A}"
EndProject
Project("{FAE04EC0-301F-11D3-BF4B-00C04F79EFBC}") = "FhirStarter.Inferno.WebAPI", "FhirStarter.Inferno.WebAPI\FhirStarter.Inferno.WebAPI.csproj", "{F53C5DF8-8033-44E8-8B50-DA5AD08088B0}"
EndProject
Project("{FAE04EC0-301F-11D3-BF4B-00C04F79EFBC}") = "FhirStarter.Bonfire.DotNetCore", "FhirStarter.Bonfire.DotNetCore\FhirStarter.Bonfire.DotNetCore.csproj", "{658D8C5F-45F9-4A8F-B87E-031A5C15DC91}"
EndProject
Global
	GlobalSection(SolutionConfigurationPlatforms) = preSolution
		Debug|Any CPU = Debug|Any CPU
		Release|Any CPU = Release|Any CPU
	EndGlobalSection
	GlobalSection(ProjectConfigurationPlatforms) = postSolution
		{3A0FB72B-0109-44B1-82D7-65BE3AAAF78A}.Debug|Any CPU.ActiveCfg = Debug|Any CPU
		{3A0FB72B-0109-44B1-82D7-65BE3AAAF78A}.Debug|Any CPU.Build.0 = Debug|Any CPU
		{3A0FB72B-0109-44B1-82D7-65BE3AAAF78A}.Release|Any CPU.ActiveCfg = Release|Any CPU
		{3A0FB72B-0109-44B1-82D7-65BE3AAAF78A}.Release|Any CPU.Build.0 = Release|Any CPU
		{F53C5DF8-8033-44E8-8B50-DA5AD08088B0}.Debug|Any CPU.ActiveCfg = Debug|Any CPU
		{F53C5DF8-8033-44E8-8B50-DA5AD08088B0}.Debug|Any CPU.Build.0 = Debug|Any CPU
		{F53C5DF8-8033-44E8-8B50-DA5AD08088B0}.Release|Any CPU.ActiveCfg = Release|Any CPU
		{F53C5DF8-8033-44E8-8B50-DA5AD08088B0}.Release|Any CPU.Build.0 = Release|Any CPU
		{658D8C5F-45F9-4A8F-B87E-031A5C15DC91}.Debug|Any CPU.ActiveCfg = Debug|Any CPU
		{658D8C5F-45F9-4A8F-B87E-031A5C15DC91}.Debug|Any CPU.Build.0 = Debug|Any CPU
		{658D8C5F-45F9-4A8F-B87E-031A5C15DC91}.Release|Any CPU.ActiveCfg = Release|Any CPU
		{658D8C5F-45F9-4A8F-B87E-031A5C15DC91}.Release|Any CPU.Build.0 = Release|Any CPU
	EndGlobalSection
	GlobalSection(SolutionProperties) = preSolution
		HideSolutionNode = FALSE
	EndGlobalSection
	GlobalSection(ExtensibilityGlobals) = postSolution
		SolutionGuid = {3EB67367-8935-41E7-ADDF-2A2E20A66DEA}
	EndGlobalSection
EndGlobal
